<Solution>
  <Project Path="Media.Automations/Media.Automations.csproj" />
  <Project Path="Media.Client/Media.Client.csproj" />
  <Project Path="Media.Data/Media.Data.csproj" />
  <Project Path="Media.Server/Media.Server.csproj" />
  <Project Path="Media.Shared/Media.Shared.csproj" />
  <Project Path="Media.Tests/Media.Tests.csproj" />
  <Project Path="Media/Media.csproj" />
</Solution>
